// !$*UTF8*$!
{
	archiveVersion = 1;
	classes = {
	};
	objectVersion = 50;
	objects = {

/* Begin PBXBuildFile section */
		E90EEDEE21E627E200708444 /* ColorConverter.swift in Sources */ = {isa = PBXBuildFile; fileRef = E90EEDED21E627E200708444 /* ColorConverter.swift */; };
		E90EEDF121E6E80400708444 /* libmediainfo.0.dylib in Embed Libraries */ = {isa = PBXBuildFile; fileRef = E968341021E326A5002FD5DB /* libmediainfo.0.dylib */; settings = {ATTRIBUTES = (CodeSignOnCopy, ); }; };
		E90EEDF221E6E80400708444 /* libzen.0.dylib in Embed Libraries */ = {isa = PBXBuildFile; fileRef = E968341121E326A5002FD5DB /* libzen.0.dylib */; settings = {ATTRIBUTES = (CodeSignOnCopy, ); }; };
		E90EEE4621E7996800708444 /* MediaInfo_Project_for_MacTests.swift in Sources */ = {isa = PBXBuildFile; fileRef = E90EEE4521E7996800708444 /* MediaInfo_Project_for_MacTests.swift */; };
		E96833FB21E32302002FD5DB /* AppDelegate.swift in Sources */ = {isa = PBXBuildFile; fileRef = E96833FA21E32302002FD5DB /* AppDelegate.swift */; };
		E96833FD21E32302002FD5DB /* ViewController.swift in Sources */ = {isa = PBXBuildFile; fileRef = E96833FC21E32302002FD5DB /* ViewController.swift */; };
		E96833FF21E32304002FD5DB /* Assets.xcassets in Resources */ = {isa = PBXBuildFile; fileRef = E96833FE21E32304002FD5DB /* Assets.xcassets */; };
		E968340B21E3234C002FD5DB /* MediaInfo.swift in Sources */ = {isa = PBXBuildFile; fileRef = E968340A21E3234C002FD5DB /* MediaInfo.swift */; };
		E968340E21E3236E002FD5DB /* MediaInfoWrapper.mm in Sources */ = {isa = PBXBuildFile; fileRef = E968340D21E3236E002FD5DB /* MediaInfoWrapper.mm */; };
		E968341221E326A5002FD5DB /* libmediainfo.0.dylib in Frameworks */ = {isa = PBXBuildFile; fileRef = E968341021E326A5002FD5DB /* libmediainfo.0.dylib */; };
		E968341321E326A5002FD5DB /* libzen.0.dylib in Frameworks */ = {isa = PBXBuildFile; fileRef = E968341121E326A5002FD5DB /* libzen.0.dylib */; };
		E968341721E3A245002FD5DB /* WindowController.swift in Sources */ = {isa = PBXBuildFile; fileRef = E968341621E3A245002FD5DB /* WindowController.swift */; };
		E968341921E3A257002FD5DB /* Main.storyboard in Resources */ = {isa = PBXBuildFile; fileRef = E968341821E3A257002FD5DB /* Main.storyboard */; };
		E968341B21E3A3EB002FD5DB /* FileLoader.swift in Sources */ = {isa = PBXBuildFile; fileRef = E968341A21E3A3EB002FD5DB /* FileLoader.swift */; };
		E968341D21E47ADA002FD5DB /* ViewController+Extension.swift in Sources */ = {isa = PBXBuildFile; fileRef = E968341C21E47ADA002FD5DB /* ViewController+Extension.swift */; };
/* End PBXBuildFile section */

/* Begin PBXContainerItemProxy section */
		E90EEE4821E7996800708444 /* PBXContainerItemProxy */ = {
			isa = PBXContainerItemProxy;
			containerPortal = E96833EF21E32302002FD5DB /* Project object */;
			proxyType = 1;
			remoteGlobalIDString = E96833F621E32302002FD5DB;
			remoteInfo = "MediaInfo Project for Mac";
		};
/* End PBXContainerItemProxy section */

/* Begin PBXCopyFilesBuildPhase section */
		E90EEDF321E6E80400708444 /* Embed Libraries */ = {
			isa = PBXCopyFilesBuildPhase;
			buildActionMask = 2147483647;
			dstPath = "";
			dstSubfolderSpec = 10;
			files = (
				E90EEDF221E6E80400708444 /* libzen.0.dylib in Embed Libraries */,
				E90EEDF121E6E80400708444 /* libmediainfo.0.dylib in Embed Libraries */,
			);
			name = "Embed Libraries";
			runOnlyForDeploymentPostprocessing = 0;
		};
/* End PBXCopyFilesBuildPhase section */

/* Begin PBXFileReference section */
		E90EEDED21E627E200708444 /* ColorConverter.swift */ = {isa = PBXFileReference; lastKnownFileType = sourcecode.swift; path = ColorConverter.swift; sourceTree = "<group>"; };
		E90EEE4321E7996800708444 /* MediaInfo Project for MacTests.xctest */ = {isa = PBXFileReference; explicitFileType = wrapper.cfbundle; includeInIndex = 0; path = "MediaInfo Project for MacTests.xctest"; sourceTree = BUILT_PRODUCTS_DIR; };
		E90EEE4521E7996800708444 /* MediaInfo_Project_for_MacTests.swift */ = {isa = PBXFileReference; lastKnownFileType = sourcecode.swift; path = MediaInfo_Project_for_MacTests.swift; sourceTree = "<group>"; };
		E90EEE4721E7996800708444 /* Info.plist */ = {isa = PBXFileReference; lastKnownFileType = text.plist.xml; path = Info.plist; sourceTree = "<group>"; };
		E96833F721E32302002FD5DB /* MediaInfo Project for Mac.app */ = {isa = PBXFileReference; explicitFileType = wrapper.application; includeInIndex = 0; path = "MediaInfo Project for Mac.app"; sourceTree = BUILT_PRODUCTS_DIR; };
		E96833FA21E32302002FD5DB /* AppDelegate.swift */ = {isa = PBXFileReference; lastKnownFileType = sourcecode.swift; path = AppDelegate.swift; sourceTree = "<group>"; };
		E96833FC21E32302002FD5DB /* ViewController.swift */ = {isa = PBXFileReference; lastKnownFileType = sourcecode.swift; path = ViewController.swift; sourceTree = "<group>"; };
		E96833FE21E32304002FD5DB /* Assets.xcassets */ = {isa = PBXFileReference; lastKnownFileType = folder.assetcatalog; path = Assets.xcassets; sourceTree = "<group>"; };
		E968340321E32304002FD5DB /* Info.plist */ = {isa = PBXFileReference; lastKnownFileType = text.plist.xml; path = Info.plist; sourceTree = "<group>"; };
		E968340421E32304002FD5DB /* MediaInfo_Project_for_Mac.entitlements */ = {isa = PBXFileReference; lastKnownFileType = text.plist.entitlements; path = MediaInfo_Project_for_Mac.entitlements; sourceTree = "<group>"; };
		E968340A21E3234C002FD5DB /* MediaInfo.swift */ = {isa = PBXFileReference; lastKnownFileType = sourcecode.swift; path = MediaInfo.swift; sourceTree = "<group>"; };
		E968340C21E3236E002FD5DB /* MediaInfo Project for Mac-Bridging-Header.h */ = {isa = PBXFileReference; lastKnownFileType = sourcecode.c.h; path = "MediaInfo Project for Mac-Bridging-Header.h"; sourceTree = "<group>"; };
		E968340D21E3236E002FD5DB /* MediaInfoWrapper.mm */ = {isa = PBXFileReference; lastKnownFileType = sourcecode.cpp.objcpp; path = MediaInfoWrapper.mm; sourceTree = "<group>"; };
		E968340F21E32388002FD5DB /* MediaInfoWrapper.h */ = {isa = PBXFileReference; lastKnownFileType = sourcecode.c.h; path = MediaInfoWrapper.h; sourceTree = "<group>"; };
		E968341021E326A5002FD5DB /* libmediainfo.0.dylib */ = {isa = PBXFileReference; lastKnownFileType = "compiled.mach-o.dylib"; path = libmediainfo.0.dylib; sourceTree = "<group>"; };
		E968341121E326A5002FD5DB /* libzen.0.dylib */ = {isa = PBXFileReference; lastKnownFileType = "compiled.mach-o.dylib"; path = libzen.0.dylib; sourceTree = "<group>"; };
		E968341621E3A245002FD5DB /* WindowController.swift */ = {isa = PBXFileReference; fileEncoding = 4; lastKnownFileType = sourcecode.swift; path = WindowController.swift; sourceTree = "<group>"; };
		E968341821E3A257002FD5DB /* Main.storyboard */ = {isa = PBXFileReference; fileEncoding = 4; lastKnownFileType = file.storyboard; path = Main.storyboard; sourceTree = "<group>"; };
		E968341A21E3A3EB002FD5DB /* FileLoader.swift */ = {isa = PBXFileReference; lastKnownFileType = sourcecode.swift; path = FileLoader.swift; sourceTree = "<group>"; };
		E968341C21E47ADA002FD5DB /* ViewController+Extension.swift */ = {isa = PBXFileReference; lastKnownFileType = sourcecode.swift; path = "ViewController+Extension.swift"; sourceTree = "<group>"; };
/* End PBXFileReference section */

/* Begin PBXFrameworksBuildPhase section */
		E90EEE4021E7996800708444 /* Frameworks */ = {
			isa = PBXFrameworksBuildPhase;
			buildActionMask = 2147483647;
			files = (
			);
			runOnlyForDeploymentPostprocessing = 0;
		};
		E96833F421E32302002FD5DB /* Frameworks */ = {
			isa = PBXFrameworksBuildPhase;
			buildActionMask = 2147483647;
			files = (
				E968341321E326A5002FD5DB /* libzen.0.dylib in Frameworks */,
				E968341221E326A5002FD5DB /* libmediainfo.0.dylib in Frameworks */,
			);
			runOnlyForDeploymentPostprocessing = 0;
		};
/* End PBXFrameworksBuildPhase section */

/* Begin PBXGroup section */
		E90EEE4421E7996800708444 /* MediaInfo Project for MacTests */ = {
			isa = PBXGroup;
			children = (
				E90EEE4521E7996800708444 /* MediaInfo_Project_for_MacTests.swift */,
				E90EEE4721E7996800708444 /* Info.plist */,
			);
			path = "MediaInfo Project for MacTests";
			sourceTree = "<group>";
		};
		E96833EE21E32302002FD5DB = {
			isa = PBXGroup;
			children = (
				E96833F921E32302002FD5DB /* MediaInfo Project for Mac */,
				E90EEE4421E7996800708444 /* MediaInfo Project for MacTests */,
				E96833F821E32302002FD5DB /* Products */,
			);
			sourceTree = "<group>";
		};
		E96833F821E32302002FD5DB /* Products */ = {
			isa = PBXGroup;
			children = (
				E96833F721E32302002FD5DB /* MediaInfo Project for Mac.app */,
				E90EEE4321E7996800708444 /* MediaInfo Project for MacTests.xctest */,
			);
			name = Products;
			sourceTree = "<group>";
		};
		E96833F921E32302002FD5DB /* MediaInfo Project for Mac */ = {
			isa = PBXGroup;
			children = (
				E96833FA21E32302002FD5DB /* AppDelegate.swift */,
				E96833FC21E32302002FD5DB /* ViewController.swift */,
				E968341C21E47ADA002FD5DB /* ViewController+Extension.swift */,
				E968341621E3A245002FD5DB /* WindowController.swift */,
				E968341A21E3A3EB002FD5DB /* FileLoader.swift */,
				E90EEDED21E627E200708444 /* ColorConverter.swift */,
				E968340A21E3234C002FD5DB /* MediaInfo.swift */,
				E968340D21E3236E002FD5DB /* MediaInfoWrapper.mm */,
				E968340F21E32388002FD5DB /* MediaInfoWrapper.h */,
				E968340C21E3236E002FD5DB /* MediaInfo Project for Mac-Bridging-Header.h */,
				E96833FE21E32304002FD5DB /* Assets.xcassets */,
				E968340321E32304002FD5DB /* Info.plist */,
				E968341821E3A257002FD5DB /* Main.storyboard */,
				E968340421E32304002FD5DB /* MediaInfo_Project_for_Mac.entitlements */,
				E968341021E326A5002FD5DB /* libmediainfo.0.dylib */,
				E968341121E326A5002FD5DB /* libzen.0.dylib */,
			);
			path = "MediaInfo Project for Mac";
			sourceTree = "<group>";
		};
/* End PBXGroup section */

/* Begin PBXNativeTarget section */
		E90EEE4221E7996800708444 /* MediaInfo Project for MacTests */ = {
			isa = PBXNativeTarget;
			buildConfigurationList = E90EEE4C21E7996800708444 /* Build configuration list for PBXNativeTarget "MediaInfo Project for MacTests" */;
			buildPhases = (
				E90EEE3F21E7996800708444 /* Sources */,
				E90EEE4021E7996800708444 /* Frameworks */,
				E90EEE4121E7996800708444 /* Resources */,
			);
			buildRules = (
			);
			dependencies = (
				E90EEE4921E7996800708444 /* PBXTargetDependency */,
			);
			name = "MediaInfo Project for MacTests";
			productName = "MediaInfo Project for MacTests";
			productReference = E90EEE4321E7996800708444 /* MediaInfo Project for MacTests.xctest */;
			productType = "com.apple.product-type.bundle.unit-test";
		};
		E96833F621E32302002FD5DB /* MediaInfo Project for Mac */ = {
			isa = PBXNativeTarget;
			buildConfigurationList = E968340721E32304002FD5DB /* Build configuration list for PBXNativeTarget "MediaInfo Project for Mac" */;
			buildPhases = (
				E96833F321E32302002FD5DB /* Sources */,
				E96833F421E32302002FD5DB /* Frameworks */,
				E96833F521E32302002FD5DB /* Resources */,
				E90EEDF321E6E80400708444 /* Embed Libraries */,
			);
			buildRules = (
			);
			dependencies = (
			);
			name = "MediaInfo Project for Mac";
			productName = "MediaInfo Project for Mac";
			productReference = E96833F721E32302002FD5DB /* MediaInfo Project for Mac.app */;
			productType = "com.apple.product-type.application";
		};
/* End PBXNativeTarget section */

/* Begin PBXProject section */
		E96833EF21E32302002FD5DB /* Project object */ = {
			isa = PBXProject;
			attributes = {
				LastSwiftUpdateCheck = 1010;
				LastUpgradeCheck = 1010;
				ORGANIZATIONNAME = "Icefires Chen";
				TargetAttributes = {
					E90EEE4221E7996800708444 = {
						CreatedOnToolsVersion = 10.1;
						TestTargetID = E96833F621E32302002FD5DB;
					};
					E96833F621E32302002FD5DB = {
						CreatedOnToolsVersion = 10.1;
						LastSwiftMigration = 1010;
					};
				};
			};
			buildConfigurationList = E96833F221E32302002FD5DB /* Build configuration list for PBXProject "MediaInfo Project for Mac" */;
			compatibilityVersion = "Xcode 9.3";
			developmentRegion = en;
			hasScannedForEncodings = 0;
			knownRegions = (
				en,
				Base,
			);
			mainGroup = E96833EE21E32302002FD5DB;
			productRefGroup = E96833F821E32302002FD5DB /* Products */;
			projectDirPath = "";
			projectRoot = "";
			targets = (
				E96833F621E32302002FD5DB /* MediaInfo Project for Mac */,
				E90EEE4221E7996800708444 /* MediaInfo Project for MacTests */,
			);
		};
/* End PBXProject section */

/* Begin PBXResourcesBuildPhase section */
		E90EEE4121E7996800708444 /* Resources */ = {
			isa = PBXResourcesBuildPhase;
			buildActionMask = 2147483647;
			files = (
			);
			runOnlyForDeploymentPostprocessing = 0;
		};
		E96833F521E32302002FD5DB /* Resources */ = {
			isa = PBXResourcesBuildPhase;
			buildActionMask = 2147483647;
			files = (
				E96833FF21E32304002FD5DB /* Assets.xcassets in Resources */,
				E968341921E3A257002FD5DB /* Main.storyboard in Resources */,
			);
			runOnlyForDeploymentPostprocessing = 0;
		};
/* End PBXResourcesBuildPhase section */

/* Begin PBXSourcesBuildPhase section */
		E90EEE3F21E7996800708444 /* Sources */ = {
			isa = PBXSourcesBuildPhase;
			buildActionMask = 2147483647;
			files = (
				E90EEE4621E7996800708444 /* MediaInfo_Project_for_MacTests.swift in Sources */,
			);
			runOnlyForDeploymentPostprocessing = 0;
		};
		E96833F321E32302002FD5DB /* Sources */ = {
			isa = PBXSourcesBuildPhase;
			buildActionMask = 2147483647;
			files = (
				E968341B21E3A3EB002FD5DB /* FileLoader.swift in Sources */,
				E96833FD21E32302002FD5DB /* ViewController.swift in Sources */,
				E968341721E3A245002FD5DB /* WindowController.swift in Sources */,
				E968341D21E47ADA002FD5DB /* ViewController+Extension.swift in Sources */,
				E96833FB21E32302002FD5DB /* AppDelegate.swift in Sources */,
				E968340E21E3236E002FD5DB /* MediaInfoWrapper.mm in Sources */,
				E90EEDEE21E627E200708444 /* ColorConverter.swift in Sources */,
				E968340B21E3234C002FD5DB /* MediaInfo.swift in Sources */,
			);
			runOnlyForDeploymentPostprocessing = 0;
		};
/* End PBXSourcesBuildPhase section */

/* Begin PBXTargetDependency section */
		E90EEE4921E7996800708444 /* PBXTargetDependency */ = {
			isa = PBXTargetDependency;
			target = E96833F621E32302002FD5DB /* MediaInfo Project for Mac */;
			targetProxy = E90EEE4821E7996800708444 /* PBXContainerItemProxy */;
		};
/* End PBXTargetDependency section */

/* Begin XCBuildConfiguration section */
		E90EEE4A21E7996800708444 /* Debug */ = {
			isa = XCBuildConfiguration;
			buildSettings = {
				BUNDLE_LOADER = "$(TEST_HOST)";
				CODE_SIGN_IDENTITY = "Mac Developer";
				CODE_SIGN_STYLE = Automatic;
				COMBINE_HIDPI_IMAGES = YES;
				DEVELOPMENT_TEAM = AC2CZW9UF4;
				INFOPLIST_FILE = "MediaInfo Project for MacTests/Info.plist";
				LD_RUNPATH_SEARCH_PATHS = (
					"$(inherited)",
					"@executable_path/../Frameworks",
					"@loader_path/../Frameworks",
				);
				PRODUCT_BUNDLE_IDENTIFIER = "icefires.MediaInfo-Project-for-MacTests";
				PRODUCT_NAME = "$(TARGET_NAME)";
				SWIFT_VERSION = 4.2;
				TEST_HOST = "$(BUILT_PRODUCTS_DIR)/MediaInfo Project for Mac.app/Contents/MacOS/MediaInfo Project for Mac";
			};
			name = Debug;
		};
		E90EEE4B21E7996800708444 /* Release */ = {
			isa = XCBuildConfiguration;
			buildSettings = {
				BUNDLE_LOADER = "$(TEST_HOST)";
				CODE_SIGN_IDENTITY = "Mac Developer";
				CODE_SIGN_STYLE = Automatic;
				COMBINE_HIDPI_IMAGES = YES;
				DEVELOPMENT_TEAM = AC2CZW9UF4;
				INFOPLIST_FILE = "MediaInfo Project for MacTests/Info.plist";
				LD_RUNPATH_SEARCH_PATHS = (
					"$(inherited)",
					"@executable_path/../Frameworks",
					"@loader_path/../Frameworks",
				);
				PRODUCT_BUNDLE_IDENTIFIER = "icefires.MediaInfo-Project-for-MacTests";
				PRODUCT_NAME = "$(TARGET_NAME)";
				SWIFT_VERSION = 4.2;
				TEST_HOST = "$(BUILT_PRODUCTS_DIR)/MediaInfo Project for Mac.app/Contents/MacOS/MediaInfo Project for Mac";
			};
			name = Release;
		};
		E968340521E32304002FD5DB /* Debug */ = {
			isa = XCBuildConfiguration;
			buildSettings = {
				ALWAYS_SEARCH_USER_PATHS = NO;
				CLANG_ANALYZER_NONNULL = YES;
				CLANG_ANALYZER_NUMBER_OBJECT_CONVERSION = YES_AGGRESSIVE;
				CLANG_CXX_LANGUAGE_STANDARD = "gnu++14";
				CLANG_CXX_LIBRARY = "libc++";
				CLANG_ENABLE_MODULES = YES;
				CLANG_ENABLE_OBJC_ARC = YES;
				CLANG_ENABLE_OBJC_WEAK = YES;
				CLANG_WARN_BLOCK_CAPTURE_AUTORELEASING = YES;
				CLANG_WARN_BOOL_CONVERSION = YES;
				CLANG_WARN_COMMA = YES;
				CLANG_WARN_CONSTANT_CONVERSION = YES;
				CLANG_WARN_DEPRECATED_OBJC_IMPLEMENTATIONS = YES;
				CLANG_WARN_DIRECT_OBJC_ISA_USAGE = YES_ERROR;
				CLANG_WARN_DOCUMENTATION_COMMENTS = YES;
				CLANG_WARN_EMPTY_BODY = YES;
				CLANG_WARN_ENUM_CONVERSION = YES;
				CLANG_WARN_INFINITE_RECURSION = YES;
				CLANG_WARN_INT_CONVERSION = YES;
				CLANG_WARN_NON_LITERAL_NULL_CONVERSION = YES;
				CLANG_WARN_OBJC_IMPLICIT_RETAIN_SELF = YES;
				CLANG_WARN_OBJC_LITERAL_CONVERSION = YES;
				CLANG_WARN_OBJC_ROOT_CLASS = YES_ERROR;
				CLANG_WARN_RANGE_LOOP_ANALYSIS = YES;
				CLANG_WARN_STRICT_PROTOTYPES = YES;
				CLANG_WARN_SUSPICIOUS_MOVE = YES;
				CLANG_WARN_UNGUARDED_AVAILABILITY = YES_AGGRESSIVE;
				CLANG_WARN_UNREACHABLE_CODE = YES;
				CLANG_WARN__DUPLICATE_METHOD_MATCH = YES;
				CODE_SIGN_IDENTITY = "-";
				COPY_PHASE_STRIP = NO;
				DEBUG_INFORMATION_FORMAT = dwarf;
				ENABLE_STRICT_OBJC_MSGSEND = YES;
				ENABLE_TESTABILITY = YES;
				GCC_C_LANGUAGE_STANDARD = gnu11;
				GCC_DYNAMIC_NO_PIC = NO;
				GCC_NO_COMMON_BLOCKS = YES;
				GCC_OPTIMIZATION_LEVEL = 0;
				GCC_PREPROCESSOR_DEFINITIONS = (
					"DEBUG=1",
					"$(inherited)",
				);
				GCC_WARN_64_TO_32_BIT_CONVERSION = YES;
				GCC_WARN_ABOUT_RETURN_TYPE = YES_ERROR;
				GCC_WARN_UNDECLARED_SELECTOR = YES;
				GCC_WARN_UNINITIALIZED_AUTOS = YES_AGGRESSIVE;
				GCC_WARN_UNUSED_FUNCTION = YES;
				GCC_WARN_UNUSED_VARIABLE = YES;
				HEADER_SEARCH_PATHS = /usr/local/include;
				MACOSX_DEPLOYMENT_TARGET = 10.14;
				MTL_ENABLE_DEBUG_INFO = INCLUDE_SOURCE;
				MTL_FAST_MATH = YES;
				ONLY_ACTIVE_ARCH = YES;
				SDKROOT = macosx;
				SWIFT_ACTIVE_COMPILATION_CONDITIONS = DEBUG;
				SWIFT_OPTIMIZATION_LEVEL = "-Onone";
				SYSTEM_HEADER_SEARCH_PATHS = /usr/local/include;
			};
			name = Debug;
		};
		E968340621E32304002FD5DB /* Release */ = {
			isa = XCBuildConfiguration;
			buildSettings = {
				ALWAYS_SEARCH_USER_PATHS = NO;
				CLANG_ANALYZER_NONNULL = YES;
				CLANG_ANALYZER_NUMBER_OBJECT_CONVERSION = YES_AGGRESSIVE;
				CLANG_CXX_LANGUAGE_STANDARD = "gnu++14";
				CLANG_CXX_LIBRARY = "libc++";
				CLANG_ENABLE_MODULES = YES;
				CLANG_ENABLE_OBJC_ARC = YES;
				CLANG_ENABLE_OBJC_WEAK = YES;
				CLANG_WARN_BLOCK_CAPTURE_AUTORELEASING = YES;
				CLANG_WARN_BOOL_CONVERSION = YES;
				CLANG_WARN_COMMA = YES;
				CLANG_WARN_CONSTANT_CONVERSION = YES;
				CLANG_WARN_DEPRECATED_OBJC_IMPLEMENTATIONS = YES;
				CLANG_WARN_DIRECT_OBJC_ISA_USAGE = YES_ERROR;
				CLANG_WARN_DOCUMENTATION_COMMENTS = YES;
				CLANG_WARN_EMPTY_BODY = YES;
				CLANG_WARN_ENUM_CONVERSION = YES;
				CLANG_WARN_INFINITE_RECURSION = YES;
				CLANG_WARN_INT_CONVERSION = YES;
				CLANG_WARN_NON_LITERAL_NULL_CONVERSION = YES;
				CLANG_WARN_OBJC_IMPLICIT_RETAIN_SELF = YES;
				CLANG_WARN_OBJC_LITERAL_CONVERSION = YES;
				CLANG_WARN_OBJC_ROOT_CLASS = YES_ERROR;
				CLANG_WARN_RANGE_LOOP_ANALYSIS = YES;
				CLANG_WARN_STRICT_PROTOTYPES = YES;
				CLANG_WARN_SUSPICIOUS_MOVE = YES;
				CLANG_WARN_UNGUARDED_AVAILABILITY = YES_AGGRESSIVE;
				CLANG_WARN_UNREACHABLE_CODE = YES;
				CLANG_WARN__DUPLICATE_METHOD_MATCH = YES;
				CODE_SIGN_IDENTITY = "-";
				COPY_PHASE_STRIP = NO;
				DEBUG_INFORMATION_FORMAT = "dwarf-with-dsym";
				ENABLE_NS_ASSERTIONS = NO;
				ENABLE_STRICT_OBJC_MSGSEND = YES;
				GCC_C_LANGUAGE_STANDARD = gnu11;
				GCC_NO_COMMON_BLOCKS = YES;
				GCC_WARN_64_TO_32_BIT_CONVERSION = YES;
				GCC_WARN_ABOUT_RETURN_TYPE = YES_ERROR;
				GCC_WARN_UNDECLARED_SELECTOR = YES;
				GCC_WARN_UNINITIALIZED_AUTOS = YES_AGGRESSIVE;
				GCC_WARN_UNUSED_FUNCTION = YES;
				GCC_WARN_UNUSED_VARIABLE = YES;
				HEADER_SEARCH_PATHS = /usr/local/include;
				MACOSX_DEPLOYMENT_TARGET = 10.14;
				MTL_ENABLE_DEBUG_INFO = NO;
				MTL_FAST_MATH = YES;
				SDKROOT = macosx;
				SWIFT_COMPILATION_MODE = wholemodule;
				SWIFT_OPTIMIZATION_LEVEL = "-O";
				SYSTEM_HEADER_SEARCH_PATHS = /usr/local/include;
			};
			name = Release;
		};
		E968340821E32304002FD5DB /* Debug */ = {
			isa = XCBuildConfiguration;
			buildSettings = {
				ASSETCATALOG_COMPILER_APPICON_NAME = AppIcon;
				CLANG_ENABLE_MODULES = YES;
				CODE_SIGN_ENTITLEMENTS = "MediaInfo Project for Mac/MediaInfo_Project_for_Mac.entitlements";
				CODE_SIGN_IDENTITY = "Mac Developer";
				CODE_SIGN_STYLE = Automatic;
				COMBINE_HIDPI_IMAGES = YES;
				DEVELOPMENT_TEAM = AC2CZW9UF4;
				INFOPLIST_FILE = "MediaInfo Project for Mac/Info.plist";
				LD_RUNPATH_SEARCH_PATHS = (
					"$(inherited)",
					"@executable_path/../Frameworks",
				);
				LIBRARY_SEARCH_PATHS = (
					"$(inherited)",
					"$(PROJECT_DIR)/MediaInfo\\ Project\\ for\\ Mac",
					"$(PROJECT_DIR)/MediaInfo\\ Project\\ for\\ Mac",
				);
				PRODUCT_BUNDLE_IDENTIFIER = "icefires.MediaInfo-Project-for-Mac";
				PRODUCT_NAME = "$(TARGET_NAME)";
				PROVISIONING_PROFILE_SPECIFIER = "";
				SWIFT_OBJC_BRIDGING_HEADER = "MediaInfo Project for Mac/MediaInfo Project for Mac-Bridging-Header.h";
				SWIFT_OPTIMIZATION_LEVEL = "-Onone";
				SWIFT_VERSION = 4.2;
			};
			name = Debug;
		};
		E968340921E32304002FD5DB /* Release */ = {
			isa = XCBuildConfiguration;
			buildSettings = {
				ASSETCATALOG_COMPILER_APPICON_NAME = AppIcon;
				CLANG_ENABLE_MODULES = YES;
				CODE_SIGN_ENTITLEMENTS = "MediaInfo Project for Mac/MediaInfo_Project_for_Mac.entitlements";
				CODE_SIGN_IDENTITY = "Mac Developer";
				CODE_SIGN_STYLE = Automatic;
				COMBINE_HIDPI_IMAGES = YES;
				DEVELOPMENT_TEAM = AC2CZW9UF4;
				INFOPLIST_FILE = "MediaInfo Project for Mac/Info.plist";
				LD_RUNPATH_SEARCH_PATHS = (
					"$(inherited)",
					"@executable_path/../Frameworks",
				);
				LIBRARY_SEARCH_PATHS = (
					"$(inherited)",
					"$(PROJECT_DIR)/MediaInfo\\ Project\\ for\\ Mac",
					"$(PROJECT_DIR)/MediaInfo\\ Project\\ for\\ Mac",
				);
				PRODUCT_BUNDLE_IDENTIFIER = "icefires.MediaInfo-Project-for-Mac";
				PRODUCT_NAME = "$(TARGET_NAME)";
				PROVISIONING_PROFILE_SPECIFIER = "";
				SWIFT_OBJC_BRIDGING_HEADER = "MediaInfo Project for Mac/MediaInfo Project for Mac-Bridging-Header.h";
				SWIFT_VERSION = 4.2;
			};
			name = Release;
		};
/* End XCBuildConfiguration section */

/* Begin XCConfigurationList section */
		E90EEE4C21E7996800708444 /* Build configuration list for PBXNativeTarget "MediaInfo Project for MacTests" */ = {
			isa = XCConfigurationList;
			buildConfigurations = (
				E90EEE4A21E7996800708444 /* Debug */,
				E90EEE4B21E7996800708444 /* Release */,
			);
			defaultConfigurationIsVisible = 0;
			defaultConfigurationName = Release;
		};
		E96833F221E32302002FD5DB /* Build configuration list for PBXProject "MediaInfo Project for Mac" */ = {
			isa = XCConfigurationList;
			buildConfigurations = (
				E968340521E32304002FD5DB /* Debug */,
				E968340621E32304002FD5DB /* Release */,
			);
			defaultConfigurationIsVisible = 0;
			defaultConfigurationName = Release;
		};
		E968340721E32304002FD5DB /* Build configuration list for PBXNativeTarget "MediaInfo Project for Mac" */ = {
			isa = XCConfigurationList;
			buildConfigurations = (
				E968340821E32304002FD5DB /* Debug */,
				E968340921E32304002FD5DB /* Release */,
			);
			defaultConfigurationIsVisible = 0;
			defaultConfigurationName = Release;
		};
/* End XCConfigurationList section */
	};
	rootObject = E96833EF21E32302002FD5DB /* Project object */;
}
